// !$*UTF8*$!
{
	archiveVersion = 1;
	classes = {
	};
	objectVersion = 46;
	objects = {

/* Begin PBXBuildFile section */
		5B493B7E1F28EC4000C831D9 /* HomeCollectionViewController.swift in Sources */ = {isa = PBXBuildFile; fileRef = 5B493B7D1F28EC4000C831D9 /* HomeCollectionViewController.swift */; };
		5BEB7FB61F1B79FA00EB6AEB /* AppDelegate.swift in Sources */ = {isa = PBXBuildFile; fileRef = 5BEB7FB51F1B79FA00EB6AEB /* AppDelegate.swift */; };
		5BEB7FBB1F1B79FA00EB6AEB /* Main.storyboard in Resources */ = {isa = PBXBuildFile; fileRef = 5BEB7FB91F1B79FA00EB6AEB /* Main.storyboard */; };
		5BEB7FBD1F1B79FA00EB6AEB /* Assets.xcassets in Resources */ = {isa = PBXBuildFile; fileRef = 5BEB7FBC1F1B79FA00EB6AEB /* Assets.xcassets */; };
		5BEB7FC01F1B79FA00EB6AEB /* LaunchScreen.storyboard in Resources */ = {isa = PBXBuildFile; fileRef = 5BEB7FBE1F1B79FA00EB6AEB /* LaunchScreen.storyboard */; };
		5BEB7FC81F1B7ADE00EB6AEB /* GoogleService-Info.plist in Resources */ = {isa = PBXBuildFile; fileRef = 5BEB7FC71F1B7ADE00EB6AEB /* GoogleService-Info.plist */; };
		5BEB7FCA1F1B7D3500EB6AEB /* SignInViewController.swift in Sources */ = {isa = PBXBuildFile; fileRef = 5BEB7FC91F1B7D3500EB6AEB /* SignInViewController.swift */; };
		5BEB7FCD1F1B7D5E00EB6AEB /* SignUpViewController.swift in Sources */ = {isa = PBXBuildFile; fileRef = 5BEB7FCC1F1B7D5E00EB6AEB /* SignUpViewController.swift */; };
		5BEB7FCF1F1B7DC700EB6AEB /* RestPasswordViewController.swift in Sources */ = {isa = PBXBuildFile; fileRef = 5BEB7FCE1F1B7DC700EB6AEB /* RestPasswordViewController.swift */; };
		C30ED785DA89886C49B7E5EB /* Pods_UdemyInstagramClone.framework in Frameworks */ = {isa = PBXBuildFile; fileRef = CD924C56B230D1A03CB255C5 /* Pods_UdemyInstagramClone.framework */; };
/* End PBXBuildFile section */

/* Begin PBXFileReference section */
		00066F424413252EF22D9E6D /* Pods-UdemyInstagramClone.release.xcconfig */ = {isa = PBXFileReference; includeInIndex = 1; lastKnownFileType = text.xcconfig; name = "Pods-UdemyInstagramClone.release.xcconfig"; path = "Pods/Target Support Files/Pods-UdemyInstagramClone/Pods-UdemyInstagramClone.release.xcconfig"; sourceTree = "<group>"; };
		5B493B7D1F28EC4000C831D9 /* HomeCollectionViewController.swift */ = {isa = PBXFileReference; fileEncoding = 4; lastKnownFileType = sourcecode.swift; path = HomeCollectionViewController.swift; sourceTree = "<group>"; };
		5BEB7FB21F1B79FA00EB6AEB /* UdemyInstagramClone.app */ = {isa = PBXFileReference; explicitFileType = wrapper.application; includeInIndex = 0; path = UdemyInstagramClone.app; sourceTree = BUILT_PRODUCTS_DIR; };
		5BEB7FB51F1B79FA00EB6AEB /* AppDelegate.swift */ = {isa = PBXFileReference; lastKnownFileType = sourcecode.swift; path = AppDelegate.swift; sourceTree = "<group>"; };
		5BEB7FBA1F1B79FA00EB6AEB /* Base */ = {isa = PBXFileReference; lastKnownFileType = file.storyboard; name = Base; path = Base.lproj/Main.storyboard; sourceTree = "<group>"; };
		5BEB7FBC1F1B79FA00EB6AEB /* Assets.xcassets */ = {isa = PBXFileReference; lastKnownFileType = folder.assetcatalog; path = Assets.xcassets; sourceTree = "<group>"; };
		5BEB7FBF1F1B79FA00EB6AEB /* Base */ = {isa = PBXFileReference; lastKnownFileType = file.storyboard; name = Base; path = Base.lproj/LaunchScreen.storyboard; sourceTree = "<group>"; };
		5BEB7FC11F1B79FA00EB6AEB /* Info.plist */ = {isa = PBXFileReference; lastKnownFileType = text.plist.xml; path = Info.plist; sourceTree = "<group>"; };
		5BEB7FC71F1B7ADE00EB6AEB /* GoogleService-Info.plist */ = {isa = PBXFileReference; fileEncoding = 4; lastKnownFileType = text.plist.xml; path = "GoogleService-Info.plist"; sourceTree = "<group>"; };
		5BEB7FC91F1B7D3500EB6AEB /* SignInViewController.swift */ = {isa = PBXFileReference; fileEncoding = 4; lastKnownFileType = sourcecode.swift; path = SignInViewController.swift; sourceTree = "<group>"; };
		5BEB7FCC1F1B7D5E00EB6AEB /* SignUpViewController.swift */ = {isa = PBXFileReference; fileEncoding = 4; lastKnownFileType = sourcecode.swift; path = SignUpViewController.swift; sourceTree = "<group>"; };
		5BEB7FCE1F1B7DC700EB6AEB /* RestPasswordViewController.swift */ = {isa = PBXFileReference; fileEncoding = 4; lastKnownFileType = sourcecode.swift; path = RestPasswordViewController.swift; sourceTree = "<group>"; };
		ADF51A345C962B352F051EFC /* Pods-UdemyInstagramClone.debug.xcconfig */ = {isa = PBXFileReference; includeInIndex = 1; lastKnownFileType = text.xcconfig; name = "Pods-UdemyInstagramClone.debug.xcconfig"; path = "Pods/Target Support Files/Pods-UdemyInstagramClone/Pods-UdemyInstagramClone.debug.xcconfig"; sourceTree = "<group>"; };
		CD924C56B230D1A03CB255C5 /* Pods_UdemyInstagramClone.framework */ = {isa = PBXFileReference; explicitFileType = wrapper.framework; includeInIndex = 0; path = Pods_UdemyInstagramClone.framework; sourceTree = BUILT_PRODUCTS_DIR; };
/* End PBXFileReference section */

/* Begin PBXFrameworksBuildPhase section */
		5BEB7FAF1F1B79FA00EB6AEB /* Frameworks */ = {
			isa = PBXFrameworksBuildPhase;
			buildActionMask = 2147483647;
			files = (
				C30ED785DA89886C49B7E5EB /* Pods_UdemyInstagramClone.framework in Frameworks */,
			);
			runOnlyForDeploymentPostprocessing = 0;
		};
/* End PBXFrameworksBuildPhase section */

/* Begin PBXGroup section */
		5BEB7FA91F1B79FA00EB6AEB = {
			isa = PBXGroup;
			children = (
				5BEB7FB41F1B79FA00EB6AEB /* UdemyInstagramClone */,
				5BEB7FB31F1B79FA00EB6AEB /* Products */,
				962C6149C40E73622F218AFC /* Pods */,
				FAFD9BF5B90AC9CD127C0849 /* Frameworks */,
			);
			sourceTree = "<group>";
		};
		5BEB7FB31F1B79FA00EB6AEB /* Products */ = {
			isa = PBXGroup;
			children = (
				5BEB7FB21F1B79FA00EB6AEB /* UdemyInstagramClone.app */,
			);
			name = Products;
			sourceTree = "<group>";
		};
		5BEB7FB41F1B79FA00EB6AEB /* UdemyInstagramClone */ = {
			isa = PBXGroup;
			children = (
				5BEB7FCB1F1B7D3D00EB6AEB /* Controllers */,
				5BEB7FB51F1B79FA00EB6AEB /* AppDelegate.swift */,
				5BEB7FB91F1B79FA00EB6AEB /* Main.storyboard */,
				5BEB7FBC1F1B79FA00EB6AEB /* Assets.xcassets */,
				5BEB7FBE1F1B79FA00EB6AEB /* LaunchScreen.storyboard */,
				5BEB7FC11F1B79FA00EB6AEB /* Info.plist */,
				5BEB7FC71F1B7ADE00EB6AEB /* GoogleService-Info.plist */,
			);
			path = UdemyInstagramClone;
			sourceTree = "<group>";
		};
		5BEB7FCB1F1B7D3D00EB6AEB /* Controllers */ = {
			isa = PBXGroup;
			children = (
				5BEB7FC91F1B7D3500EB6AEB /* SignInViewController.swift */,
				5BEB7FCC1F1B7D5E00EB6AEB /* SignUpViewController.swift */,
				5BEB7FCE1F1B7DC700EB6AEB /* RestPasswordViewController.swift */,
				5B493B7D1F28EC4000C831D9 /* HomeCollectionViewController.swift */,
			);
			name = Controllers;
			sourceTree = "<group>";
		};
		962C6149C40E73622F218AFC /* Pods */ = {
			isa = PBXGroup;
			children = (
				ADF51A345C962B352F051EFC /* Pods-UdemyInstagramClone.debug.xcconfig */,
				00066F424413252EF22D9E6D /* Pods-UdemyInstagramClone.release.xcconfig */,
			);
			name = Pods;
			sourceTree = "<group>";
		};
		FAFD9BF5B90AC9CD127C0849 /* Frameworks */ = {
			isa = PBXGroup;
			children = (
				CD924C56B230D1A03CB255C5 /* Pods_UdemyInstagramClone.framework */,
			);
			name = Frameworks;
			sourceTree = "<group>";
		};
/* End PBXGroup section */

/* Begin PBXNativeTarget section */
		5BEB7FB11F1B79FA00EB6AEB /* UdemyInstagramClone */ = {
			isa = PBXNativeTarget;
			buildConfigurationList = 5BEB7FC41F1B79FA00EB6AEB /* Build configuration list for PBXNativeTarget "UdemyInstagramClone" */;
			buildPhases = (
				8810EBF7A36D7F734DA8B513 /* [CP] Check Pods Manifest.lock */,
				5BEB7FAE1F1B79FA00EB6AEB /* Sources */,
				5BEB7FAF1F1B79FA00EB6AEB /* Frameworks */,
				5BEB7FB01F1B79FA00EB6AEB /* Resources */,
				888DA4989717CC2B4C6AD683 /* [CP] Embed Pods Frameworks */,
				2E86C4207D797730BA4344C9 /* [CP] Copy Pods Resources */,
			);
			buildRules = (
			);
			dependencies = (
			);
			name = UdemyInstagramClone;
			productName = UdemyInstagramClone;
			productReference = 5BEB7FB21F1B79FA00EB6AEB /* UdemyInstagramClone.app */;
			productType = "com.apple.product-type.application";
		};
/* End PBXNativeTarget section */

/* Begin PBXProject section */
		5BEB7FAA1F1B79FA00EB6AEB /* Project object */ = {
			isa = PBXProject;
			attributes = {
				LastSwiftUpdateCheck = 0830;
				LastUpgradeCheck = 0830;
				ORGANIZATIONNAME = Yuji;
				TargetAttributes = {
					5BEB7FB11F1B79FA00EB6AEB = {
						CreatedOnToolsVersion = 8.3.3;
						DevelopmentTeam = MGHH4PP8LQ;
						ProvisioningStyle = Automatic;
					};
				};
			};
			buildConfigurationList = 5BEB7FAD1F1B79FA00EB6AEB /* Build configuration list for PBXProject "UdemyInstagramClone" */;
			compatibilityVersion = "Xcode 3.2";
			developmentRegion = English;
			hasScannedForEncodings = 0;
			knownRegions = (
				en,
				Base,
			);
			mainGroup = 5BEB7FA91F1B79FA00EB6AEB;
			productRefGroup = 5BEB7FB31F1B79FA00EB6AEB /* Products */;
			projectDirPath = "";
			projectRoot = "";
			targets = (
				5BEB7FB11F1B79FA00EB6AEB /* UdemyInstagramClone */,
			);
		};
/* End PBXProject section */

/* Begin PBXResourcesBuildPhase section */
		5BEB7FB01F1B79FA00EB6AEB /* Resources */ = {
			isa = PBXResourcesBuildPhase;
			buildActionMask = 2147483647;
			files = (
				5BEB7FC01F1B79FA00EB6AEB /* LaunchScreen.storyboard in Resources */,
				5BEB7FC81F1B7ADE00EB6AEB /* GoogleService-Info.plist in Resources */,
				5BEB7FBD1F1B79FA00EB6AEB /* Assets.xcassets in Resources */,
				5BEB7FBB1F1B79FA00EB6AEB /* Main.storyboard in Resources */,
			);
			runOnlyForDeploymentPostprocessing = 0;
		};
/* End PBXResourcesBuildPhase section */

/* Begin PBXShellScriptBuildPhase section */
		2E86C4207D797730BA4344C9 /* [CP] Copy Pods Resources */ = {
			isa = PBXShellScriptBuildPhase;
			buildActionMask = 2147483647;
			files = (
			);
			inputPaths = (
			);
			name = "[CP] Copy Pods Resources";
			outputPaths = (
			);
			runOnlyForDeploymentPostprocessing = 0;
			shellPath = /bin/sh;
			shellScript = "\"${SRCROOT}/Pods/Target Support Files/Pods-UdemyInstagramClone/Pods-UdemyInstagramClone-resources.sh\"\n";
			showEnvVarsInLog = 0;
		};
		8810EBF7A36D7F734DA8B513 /* [CP] Check Pods Manifest.lock */ = {
			isa = PBXShellScriptBuildPhase;
			buildActionMask = 2147483647;
			files = (
			);
			inputPaths = (
			);
			name = "[CP] Check Pods Manifest.lock";
			outputPaths = (
			);
			runOnlyForDeploymentPostprocessing = 0;
			shellPath = /bin/sh;
			shellScript = "diff \"${PODS_PODFILE_DIR_PATH}/Podfile.lock\" \"${PODS_ROOT}/Manifest.lock\" > /dev/null\nif [ $? != 0 ] ; then\n    # print error to STDERR\n    echo \"error: The sandbox is not in sync with the Podfile.lock. Run 'pod install' or update your CocoaPods installation.\" >&2\n    exit 1\nfi\n";
			showEnvVarsInLog = 0;
		};
		888DA4989717CC2B4C6AD683 /* [CP] Embed Pods Frameworks */ = {
			isa = PBXShellScriptBuildPhase;
			buildActionMask = 2147483647;
			files = (
			);
			inputPaths = (
			);
			name = "[CP] Embed Pods Frameworks";
			outputPaths = (
			);
			runOnlyForDeploymentPostprocessing = 0;
			shellPath = /bin/sh;
			shellScript = "\"${SRCROOT}/Pods/Target Support Files/Pods-UdemyInstagramClone/Pods-UdemyInstagramClone-frameworks.sh\"\n";
			showEnvVarsInLog = 0;
		};
/* End PBXShellScriptBuildPhase section */

/* Begin PBXSourcesBuildPhase section */
		5BEB7FAE1F1B79FA00EB6AEB /* Sources */ = {
			isa = PBXSourcesBuildPhase;
			buildActionMask = 2147483647;
			files = (
				5BEB7FCD1F1B7D5E00EB6AEB /* SignUpViewController.swift in Sources */,
				5BEB7FCA1F1B7D3500EB6AEB /* SignInViewController.swift in Sources */,
				5BEB7FCF1F1B7DC700EB6AEB /* RestPasswordViewController.swift in Sources */,
				5B493B7E1F28EC4000C831D9 /* HomeCollectionViewController.swift in Sources */,
				5BEB7FB61F1B79FA00EB6AEB /* AppDelegate.swift in Sources */,
			);
			runOnlyForDeploymentPostprocessing = 0;
		};
/* End PBXSourcesBuildPhase section */

/* Begin PBXVariantGroup section */
		5BEB7FB91F1B79FA00EB6AEB /* Main.storyboard */ = {
			isa = PBXVariantGroup;
			children = (
				5BEB7FBA1F1B79FA00EB6AEB /* Base */,
			);
			name = Main.storyboard;
			sourceTree = "<group>";
		};
		5BEB7FBE1F1B79FA00EB6AEB /* LaunchScreen.storyboard */ = {
			isa = PBXVariantGroup;
			children = (
				5BEB7FBF1F1B79FA00EB6AEB /* Base */,
			);
			name = LaunchScreen.storyboard;
			sourceTree = "<group>";
		};
/* End PBXVariantGroup section */

/* Begin XCBuildConfiguration section */
		5BEB7FC21F1B79FA00EB6AEB /* Debug */ = {
			isa = XCBuildConfiguration;
			buildSettings = {
				ALWAYS_SEARCH_USER_PATHS = NO;
				CLANG_ANALYZER_NONNULL = YES;
				CLANG_ANALYZER_NUMBER_OBJECT_CONVERSION = YES_AGGRESSIVE;
				CLANG_CXX_LANGUAGE_STANDARD = "gnu++0x";
				CLANG_CXX_LIBRARY = "libc++";
				CLANG_ENABLE_MODULES = YES;
				CLANG_ENABLE_OBJC_ARC = YES;
				CLANG_WARN_BOOL_CONVERSION = YES;
				CLANG_WARN_CONSTANT_CONVERSION = YES;
				CLANG_WARN_DIRECT_OBJC_ISA_USAGE = YES_ERROR;
				CLANG_WARN_DOCUMENTATION_COMMENTS = YES;
				CLANG_WARN_EMPTY_BODY = YES;
				CLANG_WARN_ENUM_CONVERSION = YES;
				CLANG_WARN_INFINITE_RECURSION = YES;
				CLANG_WARN_INT_CONVERSION = YES;
				CLANG_WARN_OBJC_ROOT_CLASS = YES_ERROR;
				CLANG_WARN_SUSPICIOUS_MOVE = YES;
				CLANG_WARN_UNREACHABLE_CODE = YES;
				CLANG_WARN__DUPLICATE_METHOD_MATCH = YES;
				"CODE_SIGN_IDENTITY[sdk=iphoneos*]" = "iPhone Developer";
				COPY_PHASE_STRIP = NO;
				DEBUG_INFORMATION_FORMAT = dwarf;
				ENABLE_STRICT_OBJC_MSGSEND = YES;
				ENABLE_TESTABILITY = YES;
				GCC_C_LANGUAGE_STANDARD = gnu99;
				GCC_DYNAMIC_NO_PIC = NO;
				GCC_NO_COMMON_BLOCKS = YES;
				GCC_OPTIMIZATION_LEVEL = 0;
				GCC_PREPROCESSOR_DEFINITIONS = (
					"DEBUG=1",
					"$(inherited)",
				);
				GCC_WARN_64_TO_32_BIT_CONVERSION = YES;
				GCC_WARN_ABOUT_RETURN_TYPE = YES_ERROR;
				GCC_WARN_UNDECLARED_SELECTOR = YES;
				GCC_WARN_UNINITIALIZED_AUTOS = YES_AGGRESSIVE;
				GCC_WARN_UNUSED_FUNCTION = YES;
				GCC_WARN_UNUSED_VARIABLE = YES;
				IPHONEOS_DEPLOYMENT_TARGET = 10.3;
				MTL_ENABLE_DEBUG_INFO = YES;
				ONLY_ACTIVE_ARCH = YES;
				SDKROOT = iphoneos;
				SWIFT_ACTIVE_COMPILATION_CONDITIONS = DEBUG;
				SWIFT_OPTIMIZATION_LEVEL = "-Onone";
			};
			name = Debug;
		};
		5BEB7FC31F1B79FA00EB6AEB /* Release */ = {
			isa = XCBuildConfiguration;
			buildSettings = {
				ALWAYS_SEARCH_USER_PATHS = NO;
				CLANG_ANALYZER_NONNULL = YES;
				CLANG_ANALYZER_NUMBER_OBJECT_CONVERSION = YES_AGGRESSIVE;
				CLANG_CXX_LANGUAGE_STANDARD = "gnu++0x";
				CLANG_CXX_LIBRARY = "libc++";
				CLANG_ENABLE_MODULES = YES;
				CLANG_ENABLE_OBJC_ARC = YES;
				CLANG_WARN_BOOL_CONVERSION = YES;
				CLANG_WARN_CONSTANT_CONVERSION = YES;
				CLANG_WARN_DIRECT_OBJC_ISA_USAGE = YES_ERROR;
				CLANG_WARN_DOCUMENTATION_COMMENTS = YES;
				CLANG_WARN_EMPTY_BODY = YES;
				CLANG_WARN_ENUM_CONVERSION = YES;
				CLANG_WARN_INFINITE_RECURSION = YES;
				CLANG_WARN_INT_CONVERSION = YES;
				CLANG_WARN_OBJC_ROOT_CLASS = YES_ERROR;
				CLANG_WARN_SUSPICIOUS_MOVE = YES;
				CLANG_WARN_UNREACHABLE_CODE = YES;
				CLANG_WARN__DUPLICATE_METHOD_MATCH = YES;
				"CODE_SIGN_IDENTITY[sdk=iphoneos*]" = "iPhone Developer";
				COPY_PHASE_STRIP = NO;
				DEBUG_INFORMATION_FORMAT = "dwarf-with-dsym";
				ENABLE_NS_ASSERTIONS = NO;
				ENABLE_STRICT_OBJC_MSGSEND = YES;
				GCC_C_LANGUAGE_STANDARD = gnu99;
				GCC_NO_COMMON_BLOCKS = YES;
				GCC_WARN_64_TO_32_BIT_CONVERSION = YES;
				GCC_WARN_ABOUT_RETURN_TYPE = YES_ERROR;
				GCC_WARN_UNDECLARED_SELECTOR = YES;
				GCC_WARN_UNINITIALIZED_AUTOS = YES_AGGRESSIVE;
				GCC_WARN_UNUSED_FUNCTION = YES;
				GCC_WARN_UNUSED_VARIABLE = YES;
				IPHONEOS_DEPLOYMENT_TARGET = 10.3;
				MTL_ENABLE_DEBUG_INFO = NO;
				SDKROOT = iphoneos;
				SWIFT_OPTIMIZATION_LEVEL = "-Owholemodule";
				VALIDATE_PRODUCT = YES;
			};
			name = Release;
		};
		5BEB7FC51F1B79FA00EB6AEB /* Debug */ = {
			isa = XCBuildConfiguration;
			baseConfigurationReference = ADF51A345C962B352F051EFC /* Pods-UdemyInstagramClone.debug.xcconfig */;
			buildSettings = {
				ASSETCATALOG_COMPILER_APPICON_NAME = AppIcon;
				"CODE_SIGN_IDENTITY[sdk=iphoneos*]" = "iPhone Developer";
				DEVELOPMENT_TEAM = MGHH4PP8LQ;
				INFOPLIST_FILE = UdemyInstagramClone/Info.plist;
				LD_RUNPATH_SEARCH_PATHS = "$(inherited) @executable_path/Frameworks";
				PRODUCT_BUNDLE_IDENTIFIER = Yuji.UdemyInstagramClone;
				PRODUCT_NAME = "$(TARGET_NAME)";
				PROVISIONING_PROFILE_SPECIFIER = "";
				SWIFT_VERSION = 3.0;
			};
			name = Debug;
		};
		5BEB7FC61F1B79FA00EB6AEB /* Release */ = {
			isa = XCBuildConfiguration;
			baseConfigurationReference = 00066F424413252EF22D9E6D /* Pods-UdemyInstagramClone.release.xcconfig */;
			buildSettings = {
				ASSETCATALOG_COMPILER_APPICON_NAME = AppIcon;
				"CODE_SIGN_IDENTITY[sdk=iphoneos*]" = "iPhone Developer";
				DEVELOPMENT_TEAM = MGHH4PP8LQ;
				INFOPLIST_FILE = UdemyInstagramClone/Info.plist;
				LD_RUNPATH_SEARCH_PATHS = "$(inherited) @executable_path/Frameworks";
				PRODUCT_BUNDLE_IDENTIFIER = Yuji.UdemyInstagramClone;
				PRODUCT_NAME = "$(TARGET_NAME)";
				PROVISIONING_PROFILE_SPECIFIER = "";
				SWIFT_VERSION = 3.0;
			};
			name = Release;
		};
/* End XCBuildConfiguration section */

/* Begin XCConfigurationList section */
		5BEB7FAD1F1B79FA00EB6AEB /* Build configuration list for PBXProject "UdemyInstagramClone" */ = {
			isa = XCConfigurationList;
			buildConfigurations = (
				5BEB7FC21F1B79FA00EB6AEB /* Debug */,
				5BEB7FC31F1B79FA00EB6AEB /* Release */,
			);
			defaultConfigurationIsVisible = 0;
			defaultConfigurationName = Release;
		};
		5BEB7FC41F1B79FA00EB6AEB /* Build configuration list for PBXNativeTarget "UdemyInstagramClone" */ = {
			isa = XCConfigurationList;
			buildConfigurations = (
				5BEB7FC51F1B79FA00EB6AEB /* Debug */,
				5BEB7FC61F1B79FA00EB6AEB /* Release */,
			);
			defaultConfigurationIsVisible = 0;
			defaultConfigurationName = Release;
		};
/* End XCConfigurationList section */
	};
	rootObject = 5BEB7FAA1F1B79FA00EB6AEB /* Project object */;
}
